
Microsoft Visual Studio Solution File, Format Version 12.00
# Visual Studio Version 16
VisualStudioVersion = 16.0.29503.13
MinimumVisualStudioVersion = 10.0.40219.1
Project("{FAE04EC0-301F-11D3-BF4B-00C04F79EFBC}") = "JWTExample", "JWTExample\JWTExample.csproj", "{93500E30-AB6F-4F78-82A2-1ECBF7FE590B}"
EndProject
Global
	GlobalSection(SolutionConfigurationPlatforms) = preSolution
		Debug|Any CPU = Debug|Any CPU
		Release|Any CPU = Release|Any CPU
	EndGlobalSection
	GlobalSection(ProjectConfigurationPlatforms) = postSolution
		{93500E30-AB6F-4F78-82A2-1ECBF7FE590B}.Debug|Any CPU.ActiveCfg = Debug|Any CPU
		{93500E30-AB6F-4F78-82A2-1ECBF7FE590B}.Debug|Any CPU.Build.0 = Debug|Any CPU
		{93500E30-AB6F-4F78-82A2-1ECBF7FE590B}.Release|Any CPU.ActiveCfg = Release|Any CPU
		{93500E30-AB6F-4F78-82A2-1ECBF7FE590B}.Release|Any CPU.Build.0 = Release|Any CPU
	EndGlobalSection
	GlobalSection(SolutionProperties) = preSolution
		HideSolutionNode = FALSE
	EndGlobalSection
	GlobalSection(ExtensibilityGlobals) = postSolution
		SolutionGuid = {D18C94A6-5D92-4BEC-957C-B633679F7F56}
	EndGlobalSection
EndGlobal
